// !$*UTF8*$!
{
	archiveVersion = 1;
	classes = {
	};
	objectVersion = 77;
	objects = {

/* Begin PBXBuildFile section */
		0C3D06236C907CF2C54842BB /* SettingsManagerTests.swift in Sources */ = {isa = PBXBuildFile; fileRef = 71F765836B77D8125B2D0FA0 /* SettingsManagerTests.swift */; };
		115646808595C1F3A916548E /* SecretDetectorTests.swift in Sources */ = {isa = PBXBuildFile; fileRef = 8B5B52EB28BCAA927E022A54 /* SecretDetectorTests.swift */; };
		12DF98636556CE6B155F4FD1 /* ContentCategoryDetectorTests.swift in Sources */ = {isa = PBXBuildFile; fileRef = 3B1A96B6CDA5A1A3BBE8255D /* ContentCategoryDetectorTests.swift */; };
		188AACBC23D957F146689633 /* ClipboardMutationTests.swift in Sources */ = {isa = PBXBuildFile; fileRef = 066E4CB1C1EED70FEC5B92B3 /* ClipboardMutationTests.swift */; };
		1A2864ABDD81569780A4E320 /* HotkeyManager.swift in Sources */ = {isa = PBXBuildFile; fileRef = 7FDC0C297508025A53AE5707 /* HotkeyManager.swift */; };
		1D8DB8F64C7DE01B9B98FE55 /* ClippedApp.swift in Sources */ = {isa = PBXBuildFile; fileRef = 684F2A63920CAD7CB463ADA2 /* ClippedApp.swift */; };
		1DBEA970275D4B3ADE0DA981 /* ClipboardManagerTests.swift in Sources */ = {isa = PBXBuildFile; fileRef = 22C6E332241D4A9B8F5C83E0 /* ClipboardManagerTests.swift */; };
		1E838B0133880CD807A94312 /* ClipboardItem.swift in Sources */ = {isa = PBXBuildFile; fileRef = 9E042705010E6DA18CABCD1C /* ClipboardItem.swift */; };
		1FCD168C3F0FF6754429E9A2 /* HistoryWindowView.swift in Sources */ = {isa = PBXBuildFile; fileRef = 9CBC59EF2FC43E6EBFD03E70 /* HistoryWindowView.swift */; };
		24740F74CC919018070361AE /* ClipboardPanelView.swift in Sources */ = {isa = PBXBuildFile; fileRef = 55BEA8F6FB46DB8FD82C7F25 /* ClipboardPanelView.swift */; };
		27F8EBCC0ACED4E180108E94 /* ClipboardHistory.swift in Sources */ = {isa = PBXBuildFile; fileRef = 96F82AFB9240A56E0943E9CF /* ClipboardHistory.swift */; };
		2828CA411B94E7175151DBB6 /* LinkMetadataFetcherTests.swift in Sources */ = {isa = PBXBuildFile; fileRef = 85D36BFA794118193B17BDE4 /* LinkMetadataFetcherTests.swift */; };
		284AB0A2598E24E620D28386 /* Assets.xcassets in Resources */ = {isa = PBXBuildFile; fileRef = BFACBF0286EE7A3CF00E7DB2 /* Assets.xcassets */; };
		2D346817F2AEDFEF3DB81C2F /* ScreenshotWatcher.swift in Sources */ = {isa = PBXBuildFile; fileRef = E81BE8E2D0C7FAC791BA7ED4 /* ScreenshotWatcher.swift */; };
		32DCE955E363AFBFF8DBBA02 /* ClipboardItemRow.swift in Sources */ = {isa = PBXBuildFile; fileRef = 0C28878F7397D3E86EAFB5E3 /* ClipboardItemRow.swift */; };
		386DB19FE1F6CC1A677C46EB /* OnboardingSeederTests.swift in Sources */ = {isa = PBXBuildFile; fileRef = DDEEAD2825EA614F905CB903 /* OnboardingSeederTests.swift */; };
		3FBA3A618F5FEC1E70D09C86 /* MarkdownConverterTests.swift in Sources */ = {isa = PBXBuildFile; fileRef = 2F6F037392724562003B5664 /* MarkdownConverterTests.swift */; };
		40925CBC2CE786A982841C9C /* PasteboardProtocol.swift in Sources */ = {isa = PBXBuildFile; fileRef = A690AB8217B21C7AAE1B9D7C /* PasteboardProtocol.swift */; };
		43CD836BAD2AA476EDD58EFC /* KeychainKeyStore.swift in Sources */ = {isa = PBXBuildFile; fileRef = B57281C91D2F7E41E4AD725E /* KeychainKeyStore.swift */; };
		4C345C787E2A915204D6A494 /* PasteboardIngestionTests.swift in Sources */ = {isa = PBXBuildFile; fileRef = C4DF206B53663182D482B97F /* PasteboardIngestionTests.swift */; };
		4CEA79822B7BADFEDE44CF3A /* LinkMetadataFetcher.swift in Sources */ = {isa = PBXBuildFile; fileRef = 7505E522490CDE6FA855BC02 /* LinkMetadataFetcher.swift */; };
		4EB4A0193A1D41E0FD96F586 /* FloatingPanelModifier.swift in Sources */ = {isa = PBXBuildFile; fileRef = F85565B0532E6988544BB5BB /* FloatingPanelModifier.swift */; };
		5E79472230CA2F522024BD1D /* HistoryCrypto.swift in Sources */ = {isa = PBXBuildFile; fileRef = 3E6BC3D7CC94ECF3B5289F81 /* HistoryCrypto.swift */; };
		602ED2B4147FEFEE1919D9F0 /* SVGHandlingTests.swift in Sources */ = {isa = PBXBuildFile; fileRef = B32585FDFDB0DB300F891443 /* SVGHandlingTests.swift */; };
		654D693BE6A89A563CBCCA5B /* ClipboardManager.swift in Sources */ = {isa = PBXBuildFile; fileRef = EAC6685753A23D77F168C326 /* ClipboardManager.swift */; };
		72795F03AE27909E9132E6EB /* OnboardingView.swift in Sources */ = {isa = PBXBuildFile; fileRef = B32610B3C18B74EFE4FC565E /* OnboardingView.swift */; };
		7DB128F1B03998E82C469995 /* HistoryStore.swift in Sources */ = {isa = PBXBuildFile; fileRef = B0FA192D4C50CD0A8CDAC59A /* HistoryStore.swift */; };
		8038004411FDBA7F164CBC58 /* HistoryCryptoTests.swift in Sources */ = {isa = PBXBuildFile; fileRef = 807B7AD718ECA3AE9DF073BB /* HistoryCryptoTests.swift */; };
		85DF0716F3965419FC78AFE0 /* SettingsView.swift in Sources */ = {isa = PBXBuildFile; fileRef = E1559047A8273D742321C001 /* SettingsView.swift */; };
		8E9BF64A3129EFB0BD7CFD94 /* HistoryStoreTests.swift in Sources */ = {isa = PBXBuildFile; fileRef = 1879C700D0DE87BA372C77DF /* HistoryStoreTests.swift */; };
		945F1930C5C076749AFA058A /* ContentTypeFilterBar.swift in Sources */ = {isa = PBXBuildFile; fileRef = 35E276E1387F31A49338A586 /* ContentTypeFilterBar.swift */; };
		96966A42A83371F9FB35A2B3 /* ClipboardMutationService.swift in Sources */ = {isa = PBXBuildFile; fileRef = 93CFB892C7E740CE9E415498 /* ClipboardMutationService.swift */; };
		ACEE994A8A9B1B596EBB0DBD /* KeyRecorderView.swift in Sources */ = {isa = PBXBuildFile; fileRef = 6D0EDFAC498EE1CEBEBBDDCE /* KeyRecorderView.swift */; };
		B89AE3DDEE61F9194BA4F486 /* StickyNoteView.swift in Sources */ = {isa = PBXBuildFile; fileRef = 3CCD4241FF6A2AA2487B4AB9 /* StickyNoteView.swift */; };
		B9A2AC0DF8ABA01B6EB1F817 /* HexColorParserTests.swift in Sources */ = {isa = PBXBuildFile; fileRef = 5E54980733220E71B60FC4E3 /* HexColorParserTests.swift */; };
		C3D2432565EBA0509F1B19DB /* OnboardingSeeder.swift in Sources */ = {isa = PBXBuildFile; fileRef = 1F5EDA9CDE227646C6E2AA35 /* OnboardingSeeder.swift */; };
		D3F30A64B4F3EA1BF62D90B6 /* Mocks.swift in Sources */ = {isa = PBXBuildFile; fileRef = 14EF1138879F0B5F8561D0F0 /* Mocks.swift */; };
		D86A7AE1C9884450028489E6 /* SearchBar.swift in Sources */ = {isa = PBXBuildFile; fileRef = 957D008431B90D04F473FD4C /* SearchBar.swift */; };
		DAE3F690432331353378BB7E /* DeveloperContentDetectorTests.swift in Sources */ = {isa = PBXBuildFile; fileRef = 772B9A8C65330E9C65639409 /* DeveloperContentDetectorTests.swift */; };
		EAA5B2D2DF5D261819253E31 /* PasteboardMonitor.swift in Sources */ = {isa = PBXBuildFile; fileRef = 9B5425D705B69A21B878AA47 /* PasteboardMonitor.swift */; };
		FA392848F1877FF2712DE87A /* StatusBarController.swift in Sources */ = {isa = PBXBuildFile; fileRef = E0BD8EEAD1418A244C4688D6 /* StatusBarController.swift */; };
		FDCC42FAFCDA4E70BCB21276 /* SettingsManager.swift in Sources */ = {isa = PBXBuildFile; fileRef = E6B976EDC7FE5D9BD3742088 /* SettingsManager.swift */; };
		FEA26707DD82B98E01520498 /* MarkdownConverter.swift in Sources */ = {isa = PBXBuildFile; fileRef = 3D406C3E7E44055D5824EFE2 /* MarkdownConverter.swift */; };
/* End PBXBuildFile section */

/* Begin PBXContainerItemProxy section */
		8CD313AAA16F1893E1A803B1 /* PBXContainerItemProxy */ = {
			isa = PBXContainerItemProxy;
			containerPortal = C250F9ACCAEB27269CDE4E12 /* Project object */;
			proxyType = 1;
			remoteGlobalIDString = B42F680522AC1BBA174A1709;
			remoteInfo = Clipped;
		};
/* End PBXContainerItemProxy section */

/* Begin PBXFileReference section */
		066E4CB1C1EED70FEC5B92B3 /* ClipboardMutationTests.swift */ = {isa = PBXFileReference; lastKnownFileType = sourcecode.swift; path = ClipboardMutationTests.swift; sourceTree = "<group>"; };
		0C28878F7397D3E86EAFB5E3 /* ClipboardItemRow.swift */ = {isa = PBXFileReference; lastKnownFileType = sourcecode.swift; path = ClipboardItemRow.swift; sourceTree = "<group>"; };
		14EF1138879F0B5F8561D0F0 /* Mocks.swift */ = {isa = PBXFileReference; lastKnownFileType = sourcecode.swift; path = Mocks.swift; sourceTree = "<group>"; };
		1879C700D0DE87BA372C77DF /* HistoryStoreTests.swift */ = {isa = PBXFileReference; lastKnownFileType = sourcecode.swift; path = HistoryStoreTests.swift; sourceTree = "<group>"; };
		1F5EDA9CDE227646C6E2AA35 /* OnboardingSeeder.swift */ = {isa = PBXFileReference; lastKnownFileType = sourcecode.swift; path = OnboardingSeeder.swift; sourceTree = "<group>"; };
		22C6E332241D4A9B8F5C83E0 /* ClipboardManagerTests.swift */ = {isa = PBXFileReference; lastKnownFileType = sourcecode.swift; path = ClipboardManagerTests.swift; sourceTree = "<group>"; };
		2F6F037392724562003B5664 /* MarkdownConverterTests.swift */ = {isa = PBXFileReference; lastKnownFileType = sourcecode.swift; path = MarkdownConverterTests.swift; sourceTree = "<group>"; };
		35E276E1387F31A49338A586 /* ContentTypeFilterBar.swift */ = {isa = PBXFileReference; lastKnownFileType = sourcecode.swift; path = ContentTypeFilterBar.swift; sourceTree = "<group>"; };
		3B1A96B6CDA5A1A3BBE8255D /* ContentCategoryDetectorTests.swift */ = {isa = PBXFileReference; lastKnownFileType = sourcecode.swift; path = ContentCategoryDetectorTests.swift; sourceTree = "<group>"; };
		3CCD4241FF6A2AA2487B4AB9 /* StickyNoteView.swift */ = {isa = PBXFileReference; lastKnownFileType = sourcecode.swift; path = StickyNoteView.swift; sourceTree = "<group>"; };
		3D406C3E7E44055D5824EFE2 /* MarkdownConverter.swift */ = {isa = PBXFileReference; lastKnownFileType = sourcecode.swift; path = MarkdownConverter.swift; sourceTree = "<group>"; };
		3E6BC3D7CC94ECF3B5289F81 /* HistoryCrypto.swift */ = {isa = PBXFileReference; lastKnownFileType = sourcecode.swift; path = HistoryCrypto.swift; sourceTree = "<group>"; };
		52E0ED086CA7C448C273F041 /* ClippedTests.xctest */ = {isa = PBXFileReference; explicitFileType = wrapper.cfbundle; includeInIndex = 0; path = ClippedTests.xctest; sourceTree = BUILT_PRODUCTS_DIR; };
		55BEA8F6FB46DB8FD82C7F25 /* ClipboardPanelView.swift */ = {isa = PBXFileReference; lastKnownFileType = sourcecode.swift; path = ClipboardPanelView.swift; sourceTree = "<group>"; };
		5E54980733220E71B60FC4E3 /* HexColorParserTests.swift */ = {isa = PBXFileReference; lastKnownFileType = sourcecode.swift; path = HexColorParserTests.swift; sourceTree = "<group>"; };
		684F2A63920CAD7CB463ADA2 /* ClippedApp.swift */ = {isa = PBXFileReference; lastKnownFileType = sourcecode.swift; path = ClippedApp.swift; sourceTree = "<group>"; };
		6D0EDFAC498EE1CEBEBBDDCE /* KeyRecorderView.swift */ = {isa = PBXFileReference; lastKnownFileType = sourcecode.swift; path = KeyRecorderView.swift; sourceTree = "<group>"; };
		71F765836B77D8125B2D0FA0 /* SettingsManagerTests.swift */ = {isa = PBXFileReference; lastKnownFileType = sourcecode.swift; path = SettingsManagerTests.swift; sourceTree = "<group>"; };
		7505E522490CDE6FA855BC02 /* LinkMetadataFetcher.swift */ = {isa = PBXFileReference; lastKnownFileType = sourcecode.swift; path = LinkMetadataFetcher.swift; sourceTree = "<group>"; };
		772B9A8C65330E9C65639409 /* DeveloperContentDetectorTests.swift */ = {isa = PBXFileReference; lastKnownFileType = sourcecode.swift; path = DeveloperContentDetectorTests.swift; sourceTree = "<group>"; };
		7FDC0C297508025A53AE5707 /* HotkeyManager.swift */ = {isa = PBXFileReference; lastKnownFileType = sourcecode.swift; path = HotkeyManager.swift; sourceTree = "<group>"; };
		807B7AD718ECA3AE9DF073BB /* HistoryCryptoTests.swift */ = {isa = PBXFileReference; lastKnownFileType = sourcecode.swift; path = HistoryCryptoTests.swift; sourceTree = "<group>"; };
		85D36BFA794118193B17BDE4 /* LinkMetadataFetcherTests.swift */ = {isa = PBXFileReference; lastKnownFileType = sourcecode.swift; path = LinkMetadataFetcherTests.swift; sourceTree = "<group>"; };
		8B5B52EB28BCAA927E022A54 /* SecretDetectorTests.swift */ = {isa = PBXFileReference; lastKnownFileType = sourcecode.swift; path = SecretDetectorTests.swift; sourceTree = "<group>"; };
		93CFB892C7E740CE9E415498 /* ClipboardMutationService.swift */ = {isa = PBXFileReference; lastKnownFileType = sourcecode.swift; path = ClipboardMutationService.swift; sourceTree = "<group>"; };
		957D008431B90D04F473FD4C /* SearchBar.swift */ = {isa = PBXFileReference; lastKnownFileType = sourcecode.swift; path = SearchBar.swift; sourceTree = "<group>"; };
		96F82AFB9240A56E0943E9CF /* ClipboardHistory.swift */ = {isa = PBXFileReference; lastKnownFileType = sourcecode.swift; path = ClipboardHistory.swift; sourceTree = "<group>"; };
		9B5425D705B69A21B878AA47 /* PasteboardMonitor.swift */ = {isa = PBXFileReference; lastKnownFileType = sourcecode.swift; path = PasteboardMonitor.swift; sourceTree = "<group>"; };
		9CBC59EF2FC43E6EBFD03E70 /* HistoryWindowView.swift */ = {isa = PBXFileReference; lastKnownFileType = sourcecode.swift; path = HistoryWindowView.swift; sourceTree = "<group>"; };
		9E042705010E6DA18CABCD1C /* ClipboardItem.swift */ = {isa = PBXFileReference; lastKnownFileType = sourcecode.swift; path = ClipboardItem.swift; sourceTree = "<group>"; };
		A02C2BE0BB3F651DB8914787 /* Clipped.app */ = {isa = PBXFileReference; explicitFileType = wrapper.application; includeInIndex = 0; path = Clipped.app; sourceTree = BUILT_PRODUCTS_DIR; };
		A690AB8217B21C7AAE1B9D7C /* PasteboardProtocol.swift */ = {isa = PBXFileReference; lastKnownFileType = sourcecode.swift; path = PasteboardProtocol.swift; sourceTree = "<group>"; };
		B0FA192D4C50CD0A8CDAC59A /* HistoryStore.swift */ = {isa = PBXFileReference; lastKnownFileType = sourcecode.swift; path = HistoryStore.swift; sourceTree = "<group>"; };
		B32585FDFDB0DB300F891443 /* SVGHandlingTests.swift */ = {isa = PBXFileReference; lastKnownFileType = sourcecode.swift; path = SVGHandlingTests.swift; sourceTree = "<group>"; };
		B32610B3C18B74EFE4FC565E /* OnboardingView.swift */ = {isa = PBXFileReference; lastKnownFileType = sourcecode.swift; path = OnboardingView.swift; sourceTree = "<group>"; };
		B57281C91D2F7E41E4AD725E /* KeychainKeyStore.swift */ = {isa = PBXFileReference; lastKnownFileType = sourcecode.swift; path = KeychainKeyStore.swift; sourceTree = "<group>"; };
		BFACBF0286EE7A3CF00E7DB2 /* Assets.xcassets */ = {isa = PBXFileReference; lastKnownFileType = folder.assetcatalog; path = Assets.xcassets; sourceTree = "<group>"; };
		C4DF206B53663182D482B97F /* PasteboardIngestionTests.swift */ = {isa = PBXFileReference; lastKnownFileType = sourcecode.swift; path = PasteboardIngestionTests.swift; sourceTree = "<group>"; };
		DDEEAD2825EA614F905CB903 /* OnboardingSeederTests.swift */ = {isa = PBXFileReference; lastKnownFileType = sourcecode.swift; path = OnboardingSeederTests.swift; sourceTree = "<group>"; };
		E0BD8EEAD1418A244C4688D6 /* StatusBarController.swift */ = {isa = PBXFileReference; lastKnownFileType = sourcecode.swift; path = StatusBarController.swift; sourceTree = "<group>"; };
		E1559047A8273D742321C001 /* SettingsView.swift */ = {isa = PBXFileReference; lastKnownFileType = sourcecode.swift; path = SettingsView.swift; sourceTree = "<group>"; };
		E6B976EDC7FE5D9BD3742088 /* SettingsManager.swift */ = {isa = PBXFileReference; lastKnownFileType = sourcecode.swift; path = SettingsManager.swift; sourceTree = "<group>"; };
		E81BE8E2D0C7FAC791BA7ED4 /* ScreenshotWatcher.swift */ = {isa = PBXFileReference; lastKnownFileType = sourcecode.swift; path = ScreenshotWatcher.swift; sourceTree = "<group>"; };
		EAC6685753A23D77F168C326 /* ClipboardManager.swift */ = {isa = PBXFileReference; lastKnownFileType = sourcecode.swift; path = ClipboardManager.swift; sourceTree = "<group>"; };
		F85565B0532E6988544BB5BB /* FloatingPanelModifier.swift */ = {isa = PBXFileReference; lastKnownFileType = sourcecode.swift; path = FloatingPanelModifier.swift; sourceTree = "<group>"; };
/* End PBXFileReference section */

/* Begin PBXGroup section */
		14E7DDE81C24F74C84F2AAF8 /* Views */ = {
			isa = PBXGroup;
			children = (
				55BEA8F6FB46DB8FD82C7F25 /* ClipboardPanelView.swift */,
				9CBC59EF2FC43E6EBFD03E70 /* HistoryWindowView.swift */,
				E1559047A8273D742321C001 /* SettingsView.swift */,
				3CCD4241FF6A2AA2487B4AB9 /* StickyNoteView.swift */,
				EFB3ADBCF1180B29BD06A54E /* Components */,
			);
			path = Views;
			sourceTree = "<group>";
		};
		3846041D2D626F7A52657093 /* Sources */ = {
			isa = PBXGroup;
			children = (
				E4A06756FEA8B1563E804EDE /* App */,
				3CBF14F4E8FCD3C6EC9C4CFF /* Models */,
				DD0DF3073F630F96FECC5E42 /* Services */,
				14E7DDE81C24F74C84F2AAF8 /* Views */,
			);
			path = Sources;
			sourceTree = "<group>";
		};
		3CBF14F4E8FCD3C6EC9C4CFF /* Models */ = {
			isa = PBXGroup;
			children = (
				9E042705010E6DA18CABCD1C /* ClipboardItem.swift */,
			);
			path = Models;
			sourceTree = "<group>";
		};
		6A2AE9F39696EB62C6EC366F /* Resources */ = {
			isa = PBXGroup;
			children = (
				BFACBF0286EE7A3CF00E7DB2 /* Assets.xcassets */,
			);
			path = Resources;
			sourceTree = "<group>";
		};
		90636D886BE7B12512799141 /* Products */ = {
			isa = PBXGroup;
			children = (
				A02C2BE0BB3F651DB8914787 /* Clipped.app */,
				52E0ED086CA7C448C273F041 /* ClippedTests.xctest */,
			);
			name = Products;
			sourceTree = "<group>";
		};
		AF6A0B9F72FD6719705FC3F7 /* Tests */ = {
			isa = PBXGroup;
			children = (
				22C6E332241D4A9B8F5C83E0 /* ClipboardManagerTests.swift */,
				066E4CB1C1EED70FEC5B92B3 /* ClipboardMutationTests.swift */,
				3B1A96B6CDA5A1A3BBE8255D /* ContentCategoryDetectorTests.swift */,
				772B9A8C65330E9C65639409 /* DeveloperContentDetectorTests.swift */,
				5E54980733220E71B60FC4E3 /* HexColorParserTests.swift */,
				807B7AD718ECA3AE9DF073BB /* HistoryCryptoTests.swift */,
				1879C700D0DE87BA372C77DF /* HistoryStoreTests.swift */,
				85D36BFA794118193B17BDE4 /* LinkMetadataFetcherTests.swift */,
				2F6F037392724562003B5664 /* MarkdownConverterTests.swift */,
				14EF1138879F0B5F8561D0F0 /* Mocks.swift */,
				DDEEAD2825EA614F905CB903 /* OnboardingSeederTests.swift */,
				C4DF206B53663182D482B97F /* PasteboardIngestionTests.swift */,
				8B5B52EB28BCAA927E022A54 /* SecretDetectorTests.swift */,
				71F765836B77D8125B2D0FA0 /* SettingsManagerTests.swift */,
				B32585FDFDB0DB300F891443 /* SVGHandlingTests.swift */,
			);
			path = Tests;
			sourceTree = "<group>";
		};
		B3C915C8CE83B83E173E839A = {
			isa = PBXGroup;
			children = (
				6A2AE9F39696EB62C6EC366F /* Resources */,
				3846041D2D626F7A52657093 /* Sources */,
				AF6A0B9F72FD6719705FC3F7 /* Tests */,
				90636D886BE7B12512799141 /* Products */,
			);
			sourceTree = "<group>";
		};
		DD0DF3073F630F96FECC5E42 /* Services */ = {
			isa = PBXGroup;
			children = (
				96F82AFB9240A56E0943E9CF /* ClipboardHistory.swift */,
				EAC6685753A23D77F168C326 /* ClipboardManager.swift */,
				93CFB892C7E740CE9E415498 /* ClipboardMutationService.swift */,
				3E6BC3D7CC94ECF3B5289F81 /* HistoryCrypto.swift */,
				B0FA192D4C50CD0A8CDAC59A /* HistoryStore.swift */,
				7FDC0C297508025A53AE5707 /* HotkeyManager.swift */,
				B57281C91D2F7E41E4AD725E /* KeychainKeyStore.swift */,
				7505E522490CDE6FA855BC02 /* LinkMetadataFetcher.swift */,
				3D406C3E7E44055D5824EFE2 /* MarkdownConverter.swift */,
				1F5EDA9CDE227646C6E2AA35 /* OnboardingSeeder.swift */,
				9B5425D705B69A21B878AA47 /* PasteboardMonitor.swift */,
				A690AB8217B21C7AAE1B9D7C /* PasteboardProtocol.swift */,
				E81BE8E2D0C7FAC791BA7ED4 /* ScreenshotWatcher.swift */,
				E6B976EDC7FE5D9BD3742088 /* SettingsManager.swift */,
				E0BD8EEAD1418A244C4688D6 /* StatusBarController.swift */,
			);
			path = Services;
			sourceTree = "<group>";
		};
		E4A06756FEA8B1563E804EDE /* App */ = {
			isa = PBXGroup;
			children = (
				684F2A63920CAD7CB463ADA2 /* ClippedApp.swift */,
			);
			path = App;
			sourceTree = "<group>";
		};
		EFB3ADBCF1180B29BD06A54E /* Components */ = {
			isa = PBXGroup;
			children = (
				0C28878F7397D3E86EAFB5E3 /* ClipboardItemRow.swift */,
				35E276E1387F31A49338A586 /* ContentTypeFilterBar.swift */,
				F85565B0532E6988544BB5BB /* FloatingPanelModifier.swift */,
				6D0EDFAC498EE1CEBEBBDDCE /* KeyRecorderView.swift */,
				B32610B3C18B74EFE4FC565E /* OnboardingView.swift */,
				957D008431B90D04F473FD4C /* SearchBar.swift */,
			);
			path = Components;
			sourceTree = "<group>";
		};
/* End PBXGroup section */

/* Begin PBXNativeTarget section */
		23A01F6692363DC0753DD582 /* ClippedTests */ = {
			isa = PBXNativeTarget;
			buildConfigurationList = 38B836422E9AA84A22697DCF /* Build configuration list for PBXNativeTarget "ClippedTests" */;
			buildPhases = (
				87D03F2E143551E1A29B96BC /* Sources */,
			);
			buildRules = (
			);
			dependencies = (
				26A33F033192A4827AD6804D /* PBXTargetDependency */,
			);
			name = ClippedTests;
			packageProductDependencies = (
			);
			productName = ClippedTests;
			productReference = 52E0ED086CA7C448C273F041 /* ClippedTests.xctest */;
			productType = "com.apple.product-type.bundle.unit-test";
		};
		B42F680522AC1BBA174A1709 /* Clipped */ = {
			isa = PBXNativeTarget;
			buildConfigurationList = E495731162853B576E414730 /* Build configuration list for PBXNativeTarget "Clipped" */;
			buildPhases = (
				F41F3D00D69FCA8D07D03108 /* Sources */,
				D3DB1F8A0E8868B88BCC8782 /* Resources */,
			);
			buildRules = (
			);
			dependencies = (
			);
			name = Clipped;
			packageProductDependencies = (
			);
			productName = Clipped;
			productReference = A02C2BE0BB3F651DB8914787 /* Clipped.app */;
			productType = "com.apple.product-type.application";
		};
/* End PBXNativeTarget section */

/* Begin PBXProject section */
		C250F9ACCAEB27269CDE4E12 /* Project object */ = {
			isa = PBXProject;
			attributes = {
				BuildIndependentTargetsInParallel = YES;
				LastUpgradeCheck = 1600;
				TargetAttributes = {
				};
			};
			buildConfigurationList = 0DFC91367EAE05DEC156E43A /* Build configuration list for PBXProject "Clipped" */;
			developmentRegion = en;
			hasScannedForEncodings = 0;
			knownRegions = (
				Base,
				en,
			);
			mainGroup = B3C915C8CE83B83E173E839A;
			minimizedProjectReferenceProxies = 1;
			preferredProjectObjectVersion = 77;
			productRefGroup = 90636D886BE7B12512799141 /* Products */;
			projectDirPath = "";
			projectRoot = "";
			targets = (
				B42F680522AC1BBA174A1709 /* Clipped */,
				23A01F6692363DC0753DD582 /* ClippedTests */,
			);
		};
/* End PBXProject section */

/* Begin PBXResourcesBuildPhase section */
		D3DB1F8A0E8868B88BCC8782 /* Resources */ = {
			isa = PBXResourcesBuildPhase;
			buildActionMask = 2147483647;
			files = (
				284AB0A2598E24E620D28386 /* Assets.xcassets in Resources */,
			);
			runOnlyForDeploymentPostprocessing = 0;
		};
/* End PBXResourcesBuildPhase section */

/* Begin PBXSourcesBuildPhase section */
		87D03F2E143551E1A29B96BC /* Sources */ = {
			isa = PBXSourcesBuildPhase;
			buildActionMask = 2147483647;
			files = (
				1DBEA970275D4B3ADE0DA981 /* ClipboardManagerTests.swift in Sources */,
				188AACBC23D957F146689633 /* ClipboardMutationTests.swift in Sources */,
				12DF98636556CE6B155F4FD1 /* ContentCategoryDetectorTests.swift in Sources */,
				DAE3F690432331353378BB7E /* DeveloperContentDetectorTests.swift in Sources */,
				B9A2AC0DF8ABA01B6EB1F817 /* HexColorParserTests.swift in Sources */,
				8038004411FDBA7F164CBC58 /* HistoryCryptoTests.swift in Sources */,
				8E9BF64A3129EFB0BD7CFD94 /* HistoryStoreTests.swift in Sources */,
				2828CA411B94E7175151DBB6 /* LinkMetadataFetcherTests.swift in Sources */,
				3FBA3A618F5FEC1E70D09C86 /* MarkdownConverterTests.swift in Sources */,
				D3F30A64B4F3EA1BF62D90B6 /* Mocks.swift in Sources */,
				386DB19FE1F6CC1A677C46EB /* OnboardingSeederTests.swift in Sources */,
				4C345C787E2A915204D6A494 /* PasteboardIngestionTests.swift in Sources */,
				602ED2B4147FEFEE1919D9F0 /* SVGHandlingTests.swift in Sources */,
				115646808595C1F3A916548E /* SecretDetectorTests.swift in Sources */,
				0C3D06236C907CF2C54842BB /* SettingsManagerTests.swift in Sources */,
			);
			runOnlyForDeploymentPostprocessing = 0;
		};
		F41F3D00D69FCA8D07D03108 /* Sources */ = {
			isa = PBXSourcesBuildPhase;
			buildActionMask = 2147483647;
			files = (
				27F8EBCC0ACED4E180108E94 /* ClipboardHistory.swift in Sources */,
				1E838B0133880CD807A94312 /* ClipboardItem.swift in Sources */,
				32DCE955E363AFBFF8DBBA02 /* ClipboardItemRow.swift in Sources */,
				654D693BE6A89A563CBCCA5B /* ClipboardManager.swift in Sources */,
				96966A42A83371F9FB35A2B3 /* ClipboardMutationService.swift in Sources */,
				24740F74CC919018070361AE /* ClipboardPanelView.swift in Sources */,
				1D8DB8F64C7DE01B9B98FE55 /* ClippedApp.swift in Sources */,
				945F1930C5C076749AFA058A /* ContentTypeFilterBar.swift in Sources */,
				4EB4A0193A1D41E0FD96F586 /* FloatingPanelModifier.swift in Sources */,
				5E79472230CA2F522024BD1D /* HistoryCrypto.swift in Sources */,
				7DB128F1B03998E82C469995 /* HistoryStore.swift in Sources */,
				1FCD168C3F0FF6754429E9A2 /* HistoryWindowView.swift in Sources */,
				1A2864ABDD81569780A4E320 /* HotkeyManager.swift in Sources */,
				ACEE994A8A9B1B596EBB0DBD /* KeyRecorderView.swift in Sources */,
				43CD836BAD2AA476EDD58EFC /* KeychainKeyStore.swift in Sources */,
				4CEA79822B7BADFEDE44CF3A /* LinkMetadataFetcher.swift in Sources */,
				FEA26707DD82B98E01520498 /* MarkdownConverter.swift in Sources */,
				C3D2432565EBA0509F1B19DB /* OnboardingSeeder.swift in Sources */,
				72795F03AE27909E9132E6EB /* OnboardingView.swift in Sources */,
				EAA5B2D2DF5D261819253E31 /* PasteboardMonitor.swift in Sources */,
				40925CBC2CE786A982841C9C /* PasteboardProtocol.swift in Sources */,
				2D346817F2AEDFEF3DB81C2F /* ScreenshotWatcher.swift in Sources */,
				D86A7AE1C9884450028489E6 /* SearchBar.swift in Sources */,
				FDCC42FAFCDA4E70BCB21276 /* SettingsManager.swift in Sources */,
				85DF0716F3965419FC78AFE0 /* SettingsView.swift in Sources */,
				FA392848F1877FF2712DE87A /* StatusBarController.swift in Sources */,
				B89AE3DDEE61F9194BA4F486 /* StickyNoteView.swift in Sources */,
			);
			runOnlyForDeploymentPostprocessing = 0;
		};
/* End PBXSourcesBuildPhase section */

/* Begin PBXTargetDependency section */
		26A33F033192A4827AD6804D /* PBXTargetDependency */ = {
			isa = PBXTargetDependency;
			target = B42F680522AC1BBA174A1709 /* Clipped */;
			targetProxy = 8CD313AAA16F1893E1A803B1 /* PBXContainerItemProxy */;
		};
/* End PBXTargetDependency section */

/* Begin XCBuildConfiguration section */
		03F232FD7BA9E3520F8A680B /* Release */ = {
			isa = XCBuildConfiguration;
			buildSettings = {
				ASSETCATALOG_COMPILER_APPICON_NAME = AppIcon;
				CODE_SIGN_ENTITLEMENTS = Resources/Clipped.entitlements;
				COMBINE_HIDPI_IMAGES = YES;
				CURRENT_PROJECT_VERSION = 1;
				ENABLE_HARDENED_RUNTIME = YES;
				GENERATE_INFOPLIST_FILE = NO;
				INFOPLIST_FILE = Resources/Info.plist;
				LD_RUNPATH_SEARCH_PATHS = (
					"$(inherited)",
					"@executable_path/../Frameworks",
				);
				MARKETING_VERSION = 1.4.0;
				PRODUCT_BUNDLE_IDENTIFIER = com.mcclowes.clipped;
				SDKROOT = macosx;
			};
			name = Release;
		};
		271D9BDC699CA1994032A2DE /* Release */ = {
			isa = XCBuildConfiguration;
			buildSettings = {
				BUNDLE_LOADER = "$(TEST_HOST)";
				COMBINE_HIDPI_IMAGES = YES;
				GENERATE_INFOPLIST_FILE = YES;
				LD_RUNPATH_SEARCH_PATHS = (
					"$(inherited)",
					"@executable_path/../Frameworks",
					"@loader_path/../Frameworks",
				);
				PRODUCT_BUNDLE_IDENTIFIER = com.mcclowes.clipped.tests;
				SDKROOT = macosx;
				TEST_HOST = "$(BUILT_PRODUCTS_DIR)/Clipped.app/Contents/MacOS/Clipped";
			};
			name = Release;
		};
		78E933CDA5900D78D2FA93E7 /* Release */ = {
			isa = XCBuildConfiguration;
			buildSettings = {
				ALWAYS_SEARCH_USER_PATHS = NO;
				CLANG_ANALYZER_NONNULL = YES;
				CLANG_ANALYZER_NUMBER_OBJECT_CONVERSION = YES_AGGRESSIVE;
				CLANG_CXX_LANGUAGE_STANDARD = "gnu++14";
				CLANG_CXX_LIBRARY = "libc++";
				CLANG_ENABLE_MODULES = YES;
				CLANG_ENABLE_OBJC_ARC = YES;
				CLANG_ENABLE_OBJC_WEAK = YES;
				CLANG_WARN_BLOCK_CAPTURE_AUTORELEASING = YES;
				CLANG_WARN_BOOL_CONVERSION = YES;
				CLANG_WARN_COMMA = YES;
				CLANG_WARN_CONSTANT_CONVERSION = YES;
				CLANG_WARN_DEPRECATED_OBJC_IMPLEMENTATIONS = YES;
				CLANG_WARN_DIRECT_OBJC_ISA_USAGE = YES_ERROR;
				CLANG_WARN_DOCUMENTATION_COMMENTS = YES;
				CLANG_WARN_EMPTY_BODY = YES;
				CLANG_WARN_ENUM_CONVERSION = YES;
				CLANG_WARN_INFINITE_RECURSION = YES;
				CLANG_WARN_INT_CONVERSION = YES;
				CLANG_WARN_NON_LITERAL_NULL_CONVERSION = YES;
				CLANG_WARN_OBJC_IMPLICIT_RETAIN_SELF = YES;
				CLANG_WARN_OBJC_LITERAL_CONVERSION = YES;
				CLANG_WARN_OBJC_ROOT_CLASS = YES_ERROR;
				CLANG_WARN_QUOTED_INCLUDE_IN_FRAMEWORK_HEADER = YES;
				CLANG_WARN_RANGE_LOOP_ANALYSIS = YES;
				CLANG_WARN_STRICT_PROTOTYPES = YES;
				CLANG_WARN_SUSPICIOUS_MOVE = YES;
				CLANG_WARN_UNGUARDED_AVAILABILITY = YES_AGGRESSIVE;
				CLANG_WARN_UNREACHABLE_CODE = YES;
				CLANG_WARN__DUPLICATE_METHOD_MATCH = YES;
				COPY_PHASE_STRIP = NO;
				DEBUG_INFORMATION_FORMAT = "dwarf-with-dsym";
				ENABLE_NS_ASSERTIONS = NO;
				ENABLE_STRICT_OBJC_MSGSEND = YES;
				GCC_C_LANGUAGE_STANDARD = gnu11;
				GCC_NO_COMMON_BLOCKS = YES;
				GCC_WARN_64_TO_32_BIT_CONVERSION = YES;
				GCC_WARN_ABOUT_RETURN_TYPE = YES_ERROR;
				GCC_WARN_UNDECLARED_SELECTOR = YES;
				GCC_WARN_UNINITIALIZED_AUTOS = YES_AGGRESSIVE;
				GCC_WARN_UNUSED_FUNCTION = YES;
				GCC_WARN_UNUSED_VARIABLE = YES;
				MACOSX_DEPLOYMENT_TARGET = 15.0;
				MTL_ENABLE_DEBUG_INFO = NO;
				MTL_FAST_MATH = YES;
				PRODUCT_NAME = "$(TARGET_NAME)";
				SDKROOT = macosx;
				SWIFT_COMPILATION_MODE = wholemodule;
				SWIFT_OPTIMIZATION_LEVEL = "-O";
				SWIFT_STRICT_CONCURRENCY = complete;
				SWIFT_VERSION = 6.0;
			};
			name = Release;
		};
		A3F5B7BE4C1F8FA9643A3A0C /* Debug */ = {
			isa = XCBuildConfiguration;
			buildSettings = {
				BUNDLE_LOADER = "$(TEST_HOST)";
				COMBINE_HIDPI_IMAGES = YES;
				GENERATE_INFOPLIST_FILE = YES;
				LD_RUNPATH_SEARCH_PATHS = (
					"$(inherited)",
					"@executable_path/../Frameworks",
					"@loader_path/../Frameworks",
				);
				PRODUCT_BUNDLE_IDENTIFIER = com.mcclowes.clipped.tests;
				SDKROOT = macosx;
				TEST_HOST = "$(BUILT_PRODUCTS_DIR)/Clipped.app/Contents/MacOS/Clipped";
			};
			name = Debug;
		};
		E137E9D484C086BF30557E29 /* Debug */ = {
			isa = XCBuildConfiguration;
			buildSettings = {
				ALWAYS_SEARCH_USER_PATHS = NO;
				CLANG_ANALYZER_NONNULL = YES;
				CLANG_ANALYZER_NUMBER_OBJECT_CONVERSION = YES_AGGRESSIVE;
				CLANG_CXX_LANGUAGE_STANDARD = "gnu++14";
				CLANG_CXX_LIBRARY = "libc++";
				CLANG_ENABLE_MODULES = YES;
				CLANG_ENABLE_OBJC_ARC = YES;
				CLANG_ENABLE_OBJC_WEAK = YES;
				CLANG_WARN_BLOCK_CAPTURE_AUTORELEASING = YES;
				CLANG_WARN_BOOL_CONVERSION = YES;
				CLANG_WARN_COMMA = YES;
				CLANG_WARN_CONSTANT_CONVERSION = YES;
				CLANG_WARN_DEPRECATED_OBJC_IMPLEMENTATIONS = YES;
				CLANG_WARN_DIRECT_OBJC_ISA_USAGE = YES_ERROR;
				CLANG_WARN_DOCUMENTATION_COMMENTS = YES;
				CLANG_WARN_EMPTY_BODY = YES;
				CLANG_WARN_ENUM_CONVERSION = YES;
				CLANG_WARN_INFINITE_RECURSION = YES;
				CLANG_WARN_INT_CONVERSION = YES;
				CLANG_WARN_NON_LITERAL_NULL_CONVERSION = YES;
				CLANG_WARN_OBJC_IMPLICIT_RETAIN_SELF = YES;
				CLANG_WARN_OBJC_LITERAL_CONVERSION = YES;
				CLANG_WARN_OBJC_ROOT_CLASS = YES_ERROR;
				CLANG_WARN_QUOTED_INCLUDE_IN_FRAMEWORK_HEADER = YES;
				CLANG_WARN_RANGE_LOOP_ANALYSIS = YES;
				CLANG_WARN_STRICT_PROTOTYPES = YES;
				CLANG_WARN_SUSPICIOUS_MOVE = YES;
				CLANG_WARN_UNGUARDED_AVAILABILITY = YES_AGGRESSIVE;
				CLANG_WARN_UNREACHABLE_CODE = YES;
				CLANG_WARN__DUPLICATE_METHOD_MATCH = YES;
				COPY_PHASE_STRIP = NO;
				DEBUG_INFORMATION_FORMAT = dwarf;
				ENABLE_STRICT_OBJC_MSGSEND = YES;
				ENABLE_TESTABILITY = YES;
				GCC_C_LANGUAGE_STANDARD = gnu11;
				GCC_DYNAMIC_NO_PIC = NO;
				GCC_NO_COMMON_BLOCKS = YES;
				GCC_OPTIMIZATION_LEVEL = 0;
				GCC_PREPROCESSOR_DEFINITIONS = (
					"$(inherited)",
					"DEBUG=1",
				);
				GCC_WARN_64_TO_32_BIT_CONVERSION = YES;
				GCC_WARN_ABOUT_RETURN_TYPE = YES_ERROR;
				GCC_WARN_UNDECLARED_SELECTOR = YES;
				GCC_WARN_UNINITIALIZED_AUTOS = YES_AGGRESSIVE;
				GCC_WARN_UNUSED_FUNCTION = YES;
				GCC_WARN_UNUSED_VARIABLE = YES;
				MACOSX_DEPLOYMENT_TARGET = 15.0;
				MTL_ENABLE_DEBUG_INFO = INCLUDE_SOURCE;
				MTL_FAST_MATH = YES;
				ONLY_ACTIVE_ARCH = YES;
				PRODUCT_NAME = "$(TARGET_NAME)";
				SDKROOT = macosx;
				SWIFT_ACTIVE_COMPILATION_CONDITIONS = DEBUG;
				SWIFT_OPTIMIZATION_LEVEL = "-Onone";
				SWIFT_STRICT_CONCURRENCY = complete;
				SWIFT_VERSION = 6.0;
			};
			name = Debug;
		};
		F32126FEE9CEA9A39DB2D738 /* Debug */ = {
			isa = XCBuildConfiguration;
			buildSettings = {
				ASSETCATALOG_COMPILER_APPICON_NAME = AppIcon;
				CODE_SIGN_ENTITLEMENTS = Resources/Clipped.entitlements;
				COMBINE_HIDPI_IMAGES = YES;
				CURRENT_PROJECT_VERSION = 1;
				ENABLE_HARDENED_RUNTIME = YES;
				GENERATE_INFOPLIST_FILE = NO;
				INFOPLIST_FILE = Resources/Info.plist;
				LD_RUNPATH_SEARCH_PATHS = (
					"$(inherited)",
					"@executable_path/../Frameworks",
				);
				MARKETING_VERSION = 1.4.0;
				PRODUCT_BUNDLE_IDENTIFIER = com.mcclowes.clipped;
				SDKROOT = macosx;
			};
			name = Debug;
		};
/* End XCBuildConfiguration section */

/* Begin XCConfigurationList section */
		0DFC91367EAE05DEC156E43A /* Build configuration list for PBXProject "Clipped" */ = {
			isa = XCConfigurationList;
			buildConfigurations = (
				E137E9D484C086BF30557E29 /* Debug */,
				78E933CDA5900D78D2FA93E7 /* Release */,
			);
			defaultConfigurationIsVisible = 0;
			defaultConfigurationName = Debug;
		};
		38B836422E9AA84A22697DCF /* Build configuration list for PBXNativeTarget "ClippedTests" */ = {
			isa = XCConfigurationList;
			buildConfigurations = (
				A3F5B7BE4C1F8FA9643A3A0C /* Debug */,
				271D9BDC699CA1994032A2DE /* Release */,
			);
			defaultConfigurationIsVisible = 0;
			defaultConfigurationName = Debug;
		};
		E495731162853B576E414730 /* Build configuration list for PBXNativeTarget "Clipped" */ = {
			isa = XCConfigurationList;
			buildConfigurations = (
				F32126FEE9CEA9A39DB2D738 /* Debug */,
				03F232FD7BA9E3520F8A680B /* Release */,
			);
			defaultConfigurationIsVisible = 0;
			defaultConfigurationName = Debug;
		};
/* End XCConfigurationList section */
	};
	rootObject = C250F9ACCAEB27269CDE4E12 /* Project object */;
}
